
Microsoft Visual Studio Solution File, Format Version 12.00
# Visual Studio Version 17
VisualStudioVersion = 17.14.37628.2 d17.14
MinimumVisualStudioVersion = 10.0.40219.1
Project("{FAE04EC0-301F-11D3-BF4B-00C04F79EFBC}") = "ProjectAkhirPPLG", "ProjectAkhirPPLG\ProjectAkhirPPLG.csproj", "{A1E2EB27-28F3-420B-B5FA-04D9B93640D6}"
EndProject
Global
	GlobalSection(SolutionConfigurationPlatforms) = preSolution
		Debug|Any CPU = Debug|Any CPU
		Release|Any CPU = Release|Any CPU
	EndGlobalSection
	GlobalSection(ProjectConfigurationPlatforms) = postSolution
		{A1E2EB27-28F3-420B-B5FA-04D9B93640D6}.Debug|Any CPU.ActiveCfg = Debug|Any CPU
		{A1E2EB27-28F3-420B-B5FA-04D9B93640D6}.Debug|Any CPU.Build.0 = Debug|Any CPU
		{A1E2EB27-28F3-420B-B5FA-04D9B93640D6}.Release|Any CPU.ActiveCfg = Release|Any CPU
		{A1E2EB27-28F3-420B-B5FA-04D9B93640D6}.Release|Any CPU.Build.0 = Release|Any CPU
	EndGlobalSection
	GlobalSection(SolutionProperties) = preSolution
		HideSolutionNode = FALSE
	EndGlobalSection
	GlobalSection(ExtensibilityGlobals) = postSolution
		SolutionGuid = {B475BC2D-E071-4D24-9205-9D2E4964D7AE}
	EndGlobalSection
EndGlobal
